{
    "_readme": [
        "This file locks the dependencies of your project to a known state",
        "Read more about it at http://getcomposer.org/doc/01-basic-usage.md#composer-lock-the-lock-file",
        "This file is @generated automatically"
    ],
    "hash": "cbe4c5ea66729582a0959009cd026cb4",
    "packages": [
        {
            "name": "bitworking/mimeparse",
            "version": "dev-master",
            "source": {
                "type": "git",
                "url": "https://github.com/ramsey/mimeparse.git",
                "reference": "ddae6bccdefc2e9f43e7e8b325fc517b947ba93c"
            },
            "dist": {
                "type": "zip",
                "url": "https://api.github.com/repos/ramsey/mimeparse/zipball/ddae6bccdefc2e9f43e7e8b325fc517b947ba93c",
                "reference": "ddae6bccdefc2e9f43e7e8b325fc517b947ba93c",
                "shasum": ""
            },
            "require": {
                "php": ">=5.3.2"
            },
            "require-dev": {
                "phpunit/phpunit": "~3.7"
            },
            "type": "library",
            "autoload": {
                "psr-4": {
                    "Bitworking\\": "src/Bitworking/"
                }
            },
            "notification-url": "https://packagist.org/downloads/",
            "license": [
                "MIT"
            ],
            "authors": [
                {
                    "name": "Joe Gregorio",
                    "homepage": "http://bitworking.org"
                },
                {
                    "name": "Andrew \"Venom\" K."
                },
                {
                    "name": "Ben Ramsey",
                    "homepage": "http://benramsey.com",
                    "role": "Developer"
                }
            ],
            "description": "Basic functions for handling mime-types, forked from Joe Gregorio's mimeparse library <http://code.google.com/p/mimeparse/>.",
            "homepage": "http://code.google.com/p/mimeparse/",
            "keywords": [
                "accept",
                "http",
                "mime"
            ],
            "time": "2014-02-26 17:43:53"
        },
        {
            "name": "botk/context",
            "version": "dev-trunk",
            "source": {
                "type": "svn",
                "url": "http://botk.googlecode.com/svn/packages/context",
                "reference": "/trunk/@815"
            },
            "require": {
                "php": ">=5.3"
            },
            "type": "library",
            "autoload": {
                "psr-0": {
                    "BOTK\\Context": "library/"
                }
            },
            "notification-url": "https://packagist.org/downloads/",
            "license": [
                "GPL-3.0+"
            ],
            "authors": [
                {
                    "name": "Enrico fagnoni",
                    "email": "e.fagnoni@e-artspace.com"
                }
            ],
            "description": "ini file management, sanitization, validation",
            "homepage": "http://ontology.it/tools/botk4/context/",
            "keywords": [
                "BOTK",
                "E-Artspace",
                "sanitization",
                "validation"
            ],
            "time": "2014-10-12 15:52:56"
        },
        {
            "name": "botk/core",
            "version": "dev-trunk",
            "source": {
                "type": "svn",
                "url": "https://botk.googlecode.com/svn/packages/core",
                "reference": "/trunk/@822"
            },
            "require": {
                "bitworking/mimeparse": "*",
                "paranoiq/xmlon-encoder": "dev-master",
                "php": ">=5.3",
                "respect/rest": "dev-master"
            },
            "type": "library",
            "autoload": {
                "psr-0": {
                    "BOTK\\Core": "library/"
                }
            },
            "notification-url": "https://packagist.org/downloads/",
            "license": [
                "GPL-3.0+"
            ],
            "authors": [
                {
                    "name": "Enrico fagnoni",
                    "email": "e.fagnoni@e-artspace.com"
                }
            ],
            "description": "Super lightweight classes for developing cool RESTful APIs.",
            "homepage": "http://ontology.it/tools/botk4/core/",
            "keywords": [
                "BOTK",
                "E-Artspace",
                "rest",
                "restful"
            ],
            "time": "2014-10-24 19:25:16"
        },
        {
            "name": "botk/sparql",
            "version": "dev-trunk",
            "source": {
                "type": "svn",
                "url": "http://botk.googlecode.com/svn/packages/sparql",
                "reference": "/trunk/@813"
            },
            "require": {
                "easyrdf/easyrdf": "*",
                "guzzle/guzzle": "~3.8",
                "php": ">=5.3"
            },
            "type": "library",
            "autoload": {
                "psr-0": {
                    "BOTK\\Sparql": "library/"
                }
            },
            "notification-url": "https://packagist.org/downloads/",
            "license": [
                "GPL-3.0+"
            ],
            "authors": [
                {
                    "name": "Enrico fagnoni",
                    "email": "e.fagnoni@e-artspace.com"
                }
            ],
            "description": "An EasyRdf extension to use Guzzle client to access sparql 1.1 endpoints.",
            "homepage": "http://ontology.it/tools/botk4/sparql/",
            "keywords": [
                "E-Artspace",
                "EasyRdf",
                "Guzzle",
                "Linked Data",
                "RDF",
                "Semantic Web",
                "Turtle",
                "sparql"
            ],
            "time": "2014-04-06 16:44:30"
        },
        {
            "name": "easyrdf/easyrdf",
            "version": "0.9.0",
            "source": {
                "type": "git",
                "url": "https://github.com/njh/easyrdf.git",
                "reference": "bb9fd99768d23af0c5b7b55cec5baddc201272b8"
            },
            "dist": {
                "type": "zip",
                "url": "https://api.github.com/repos/njh/easyrdf/zipball/bb9fd99768d23af0c5b7b55cec5baddc201272b8",
                "reference": "bb9fd99768d23af0c5b7b55cec5baddc201272b8",
                "shasum": ""
            },
            "require": {
                "ext-mbstring": "*",
                "ext-pcre": "*",
                "php": ">=5.2.8"
            },
            "require-dev": {
                "phpunit/phpunit": "~3.5",
                "sami/sami": "~1.4",
                "squizlabs/php_codesniffer": "~1.4.3"
            },
            "suggest": {
                "ml/json-ld": "~1.0"
            },
            "type": "library",
            "autoload": {
                "psr-0": {
                    "EasyRdf_": "lib/"
                }
            },
            "notification-url": "https://packagist.org/downloads/",
            "license": [
                "BSD-3-Clause"
            ],
            "authors": [
                {
                    "name": "Nicholas Humfrey",
                    "email": "njh@aelius.com",
                    "homepage": "http://www.aelius.com/njh/",
                    "role": "Developer"
                },
                {
                    "name": "Alexey Zakhlestin",
                    "email": "indeyets@gmail.com",
                    "role": "Developer"
                }
            ],
            "description": "EasyRdf is a PHP library designed to make it easy to consume and produce RDF.",
            "homepage": "http://www.easyrdf.org/",
            "keywords": [
                "Linked Data",
                "RDF",
                "Semantic Web",
                "Turtle",
                "rdfa",
                "sparql"
            ],
            "time": "2014-11-07 18:02:16"
        },
        {
            "name": "guzzle/guzzle",
            "version": "dev-master",
            "source": {
                "type": "git",
                "url": "https://github.com/guzzle/guzzle3.git",
                "reference": "5e6fb7097efac7180bd75006079144025255eb63"
            },
            "dist": {
                "type": "zip",
                "url": "https://api.github.com/repos/guzzle/guzzle3/zipball/5e6fb7097efac7180bd75006079144025255eb63",
                "reference": "5e6fb7097efac7180bd75006079144025255eb63",
                "shasum": ""
            },
            "require": {
                "ext-curl": "*",
                "php": ">=5.3.3",
                "symfony/event-dispatcher": "~2.1"
            },
            "replace": {
                "guzzle/batch": "self.version",
                "guzzle/cache": "self.version",
                "guzzle/common": "self.version",
                "guzzle/http": "self.version",
                "guzzle/inflection": "self.version",
                "guzzle/iterator": "self.version",
                "guzzle/log": "self.version",
                "guzzle/parser": "self.version",
                "guzzle/plugin": "self.version",
                "guzzle/plugin-async": "self.version",
                "guzzle/plugin-backoff": "self.version",
                "guzzle/plugin-cache": "self.version",
                "guzzle/plugin-cookie": "self.version",
                "guzzle/plugin-curlauth": "self.version",
                "guzzle/plugin-error-response": "self.version",
                "guzzle/plugin-history": "self.version",
                "guzzle/plugin-log": "self.version",
                "guzzle/plugin-md5": "self.version",
                "guzzle/plugin-mock": "self.version",
                "guzzle/plugin-oauth": "self.version",
                "guzzle/service": "self.version",
                "guzzle/stream": "self.version"
            },
            "require-dev": {
                "doctrine/cache": "~1.3",
                "monolog/monolog": "~1.0",
                "phpunit/phpunit": "3.7.*",
                "psr/log": "~1.0",
                "symfony/class-loader": "~2.1",
                "zendframework/zend-cache": "2.*,<2.3",
                "zendframework/zend-log": "2.*,<2.3"
            },
            "type": "library",
            "extra": {
                "branch-alias": {
                    "dev-master": "3.9-dev"
                }
            },
            "autoload": {
                "psr-0": {
                    "Guzzle": "src/",
                    "Guzzle\\Tests": "tests/"
                }
            },
            "notification-url": "https://packagist.org/downloads/",
            "license": [
                "MIT"
            ],
            "authors": [
                {
                    "name": "Michael Dowling",
                    "email": "mtdowling@gmail.com",
                    "homepage": "https://github.com/mtdowling"
                },
                {
                    "name": "Guzzle Community",
                    "homepage": "https://github.com/guzzle/guzzle/contributors"
                }
            ],
            "description": "Guzzle is a PHP HTTP client library and framework for building RESTful web service clients",
            "homepage": "http://guzzlephp.org/",
            "keywords": [
                "client",
                "curl",
                "framework",
                "http",
                "http client",
                "rest",
                "web service"
            ],
            "time": "2014-10-29 23:08:23"
        },
        {
            "name": "paranoiq/xmlon-encoder",
            "version": "dev-master",
            "source": {
                "type": "git",
                "url": "https://github.com/paranoiq/XmlonEncoder.git",
                "reference": "e5b8c97c882e6984ed35f2a899304fd19eae9e1a"
            },
            "dist": {
                "type": "zip",
                "url": "https://api.github.com/repos/paranoiq/XmlonEncoder/zipball/e5b8c97c882e6984ed35f2a899304fd19eae9e1a",
                "reference": "e5b8c97c882e6984ed35f2a899304fd19eae9e1a",
                "shasum": ""
            },
            "require": {
                "php": ">= 5.3.0"
            },
            "require-dev": {
                "nette/nette": "@dev",
                "nette/tester": "@dev"
            },
            "type": "library",
            "autoload": {
                "classmap": [
                    "src/"
                ]
            },
            "notification-url": "https://packagist.org/downloads/",
            "license": [
                "BSD-3-Clause"
            ],
            "authors": [
                {
                    "name": "Vlasta Neubauer",
                    "homepage": "http://paranoiq.cz"
                }
            ],
            "description": "Serialize variables to simple XML format, just like JSON",
            "homepage": "http://paranoiq.cz",
            "time": "2013-10-13 13:06:25"
        },
        {
            "name": "respect/rest",
            "version": "dev-master",
            "source": {
                "type": "git",
                "url": "https://github.com/Respect/Rest.git",
                "reference": "94862d39202747c4ce0128ceea8ebab20acdc48d"
            },
            "dist": {
                "type": "zip",
                "url": "https://api.github.com/repos/Respect/Rest/zipball/94862d39202747c4ce0128ceea8ebab20acdc48d",
                "reference": "94862d39202747c4ce0128ceea8ebab20acdc48d",
                "shasum": ""
            },
            "type": "library",
            "autoload": {
                "psr-0": {
                    "Respect\\Rest": "library/"
                }
            },
            "notification-url": "https://packagist.org/downloads/",
            "license": [
                "BSD Style"
            ],
            "authors": [
                {
                    "name": "Henrique Moody",
                    "email": "henriquemoody@gmail.com",
                    "homepage": "http://about.me/henriquemoody"
                },
                {
                    "name": "Alexandre Gaigalas",
                    "email": "alexandre@gaigalas.net"
                },
                {
                    "name": "kleberhs007",
                    "email": "kleberhs007@yahoo.com"
                },
                {
                    "name": "Leandro",
                    "email": "lleitep3@gmail.com"
                },
                {
                    "name": "Rogerio Prado de Jesus",
                    "email": "rogeriopradoj@gmail.com"
                },
                {
                    "name": "Anderson Casimiro",
                    "email": "duodraco@gmail.com"
                },
                {
                    "name": "Augusto Pascutti",
                    "email": "augusto@phpsp.org.br"
                },
                {
                    "name": "Ben Ramsey",
                    "email": "ben@benramsey.com"
                },
                {
                    "name": "eduardomarcate",
                    "email": "eduardo@marcate.info"
                },
                {
                    "name": "Nick Rawe",
                    "email": "nickrawe2@gmail.com"
                },
                {
                    "name": "Pablo Lacerda de Miranda",
                    "email": "pablolmiranda@gmail.com"
                },
                {
                    "name": "wesleyvicthor",
                    "email": "w.v.mendes.s@gmail.com"
                }
            ],
            "description": "Thin controller for RESTful applications",
            "time": "2012-12-17 09:48:14"
        },
        {
            "name": "symfony/event-dispatcher",
            "version": "dev-master",
            "target-dir": "Symfony/Component/EventDispatcher",
            "source": {
                "type": "git",
                "url": "https://github.com/symfony/EventDispatcher.git",
                "reference": "dcf345d5ed96bc6c3b4521c1989670d2c9e5014e"
            },
            "dist": {
                "type": "zip",
                "url": "https://api.github.com/repos/symfony/EventDispatcher/zipball/dcf345d5ed96bc6c3b4521c1989670d2c9e5014e",
                "reference": "dcf345d5ed96bc6c3b4521c1989670d2c9e5014e",
                "shasum": ""
            },
            "require": {
                "php": ">=5.3.3"
            },
            "require-dev": {
                "psr/log": "~1.0",
                "symfony/config": "~2.0",
                "symfony/dependency-injection": "~2.6",
                "symfony/expression-language": "~2.6",
                "symfony/stopwatch": "~2.2"
            },
            "suggest": {
                "symfony/dependency-injection": "",
                "symfony/http-kernel": ""
            },
            "type": "library",
            "extra": {
                "branch-alias": {
                    "dev-master": "2.6-dev"
                }
            },
            "autoload": {
                "psr-0": {
                    "Symfony\\Component\\EventDispatcher\\": ""
                }
            },
            "notification-url": "https://packagist.org/downloads/",
            "license": [
                "MIT"
            ],
            "authors": [
                {
                    "name": "Symfony Community",
                    "homepage": "http://symfony.com/contributors"
                },
                {
                    "name": "Fabien Potencier",
                    "email": "fabien@symfony.com"
                }
            ],
            "description": "Symfony EventDispatcher Component",
            "homepage": "http://symfony.com",
            "time": "2014-11-03 03:55:50"
        }
    ],
    "packages-dev": [],
    "aliases": [],
    "minimum-stability": "dev",
    "stability-flags": [],
    "prefer-stable": false,
    "platform": {
        "php": ">=5.5"
    },
    "platform-dev": []
}
